
Microsoft Visual Studio Solution File, Format Version 12.00
# Visual Studio Version 17
VisualStudioVersion = 17.14.36202.13 d17.14
MinimumVisualStudioVersion = 10.0.40219.1
Project("{FAE04EC0-301F-11D3-BF4B-00C04F79EFBC}") = "SchoolRegistrationApp", "SchoolRegistrationApp.csproj", "{ADD724FD-5A87-4841-A018-32668ED06599}"
EndProject
Global
	GlobalSection(SolutionConfigurationPlatforms) = preSolution
		Debug|Any CPU = Debug|Any CPU
		Release|Any CPU = Release|Any CPU
	EndGlobalSection
	GlobalSection(ProjectConfigurationPlatforms) = postSolution
		{ADD724FD-5A87-4841-A018-32668ED06599}.Debug|Any CPU.ActiveCfg = Debug|Any CPU
		{ADD724FD-5A87-4841-A018-32668ED06599}.Debug|Any CPU.Build.0 = Debug|Any CPU
		{ADD724FD-5A87-4841-A018-32668ED06599}.Release|Any CPU.ActiveCfg = Release|Any CPU
		{ADD724FD-5A87-4841-A018-32668ED06599}.Release|Any CPU.Build.0 = Release|Any CPU
	EndGlobalSection
	GlobalSection(SolutionProperties) = preSolution
		HideSolutionNode = FALSE
	EndGlobalSection
	GlobalSection(ExtensibilityGlobals) = postSolution
		SolutionGuid = {A69E45C7-7F17-46EA-9B51-042DF2906E12}
	EndGlobalSection
EndGlobal
